// !$*UTF8*$!
{
	archiveVersion = 1;
	classes = {
	};
	objectVersion = 46;
	objects = {

/* Begin PBXBuildFile section */
		EB00DAED18C3E464001B17CB /* AMScrollingNavbarViewController.m in Sources */ = {isa = PBXBuildFile; fileRef = EB00DAEC18C3E464001B17CB /* AMScrollingNavbarViewController.m */; };
		EB00DAF218C3EF98001B17CB /* JZRefreshControl.m in Sources */ = {isa = PBXBuildFile; fileRef = EB00DAF118C3EF98001B17CB /* JZRefreshControl.m */; };
		EB00DAF518C3F262001B17CB /* BeeRefreshControl.m in Sources */ = {isa = PBXBuildFile; fileRef = EB00DAF418C3F262001B17CB /* BeeRefreshControl.m */; };
		EB15966818C6557D00722F93 /* AMScrollingNavbarTableViewController.m in Sources */ = {isa = PBXBuildFile; fileRef = EB15966718C6557D00722F93 /* AMScrollingNavbarTableViewController.m */; };
		EB15967418C66EE900722F93 /* BeeSlideOutViewController.m in Sources */ = {isa = PBXBuildFile; fileRef = EB15967318C66EE900722F93 /* BeeSlideOutViewController.m */; };
		EB15967718C66F1B00722F93 /* BeeNotificationsViewController.m in Sources */ = {isa = PBXBuildFile; fileRef = EB15967618C66F1B00722F93 /* BeeNotificationsViewController.m */; };
		EB15967A18C6819B00722F93 /* BeeNavigationController.m in Sources */ = {isa = PBXBuildFile; fileRef = EB15967918C6819B00722F93 /* BeeNavigationController.m */; };
		EB260CBD18C1895C00AB6CB9 /* BeeCommentTableViewCell.m in Sources */ = {isa = PBXBuildFile; fileRef = EB260CBC18C1895C00AB6CB9 /* BeeCommentTableViewCell.m */; };
		EB2F424818C4E0B1000B7049 /* BeeCommentView.m in Sources */ = {isa = PBXBuildFile; fileRef = EB2F424718C4E0B1000B7049 /* BeeCommentView.m */; };
		EB2F424A18C5005D000B7049 /* QuartzCore.framework in Frameworks */ = {isa = PBXBuildFile; fileRef = EB2F424918C5005D000B7049 /* QuartzCore.framework */; };
		EB34D0EF18C23CF200637B90 /* Comment.m in Sources */ = {isa = PBXBuildFile; fileRef = EB34D0EE18C23CF200637B90 /* Comment.m */; };
		EB34D0F218C240E500637B90 /* BeeAvatarView.m in Sources */ = {isa = PBXBuildFile; fileRef = EB34D0F118C240E500637B90 /* BeeAvatarView.m */; };
		EB34D0F518C2679500637B90 /* BeeSecretView.m in Sources */ = {isa = PBXBuildFile; fileRef = EB34D0F418C2679500637B90 /* BeeSecretView.m */; };
		EB416EF518D7555E00695353 /* BeeSignUpViewController.m in Sources */ = {isa = PBXBuildFile; fileRef = EB416EF418D7555E00695353 /* BeeSignUpViewController.m */; };
		EB416EF818D7556C00695353 /* BeeSignInViewController.m in Sources */ = {isa = PBXBuildFile; fileRef = EB416EF718D7556C00695353 /* BeeSignInViewController.m */; };
		EB4A5B6518D7F1C500B2C3A6 /* BeeTableViewController.m in Sources */ = {isa = PBXBuildFile; fileRef = EB4A5B6418D7F1C500B2C3A6 /* BeeTableViewController.m */; };
		EB693BF318BFA7F400CCDF1F /* Foundation.framework in Frameworks */ = {isa = PBXBuildFile; fileRef = EB693BF218BFA7F400CCDF1F /* Foundation.framework */; };
		EB693BF518BFA7F400CCDF1F /* CoreGraphics.framework in Frameworks */ = {isa = PBXBuildFile; fileRef = EB693BF418BFA7F400CCDF1F /* CoreGraphics.framework */; };
		EB693BF718BFA7F400CCDF1F /* UIKit.framework in Frameworks */ = {isa = PBXBuildFile; fileRef = EB693BF618BFA7F400CCDF1F /* UIKit.framework */; };
		EB693BFD18BFA7F400CCDF1F /* InfoPlist.strings in Resources */ = {isa = PBXBuildFile; fileRef = EB693BFB18BFA7F400CCDF1F /* InfoPlist.strings */; };
		EB693BFF18BFA7F400CCDF1F /* main.m in Sources */ = {isa = PBXBuildFile; fileRef = EB693BFE18BFA7F400CCDF1F /* main.m */; };
		EB693C0318BFA7F400CCDF1F /* BeeAppDelegate.m in Sources */ = {isa = PBXBuildFile; fileRef = EB693C0218BFA7F400CCDF1F /* BeeAppDelegate.m */; };
		EB693C0618BFA7F400CCDF1F /* Main.storyboard in Resources */ = {isa = PBXBuildFile; fileRef = EB693C0418BFA7F400CCDF1F /* Main.storyboard */; };
		EB693C0918BFA7F400CCDF1F /* BeeViewController.m in Sources */ = {isa = PBXBuildFile; fileRef = EB693C0818BFA7F400CCDF1F /* BeeViewController.m */; };
		EB693C0B18BFA7F400CCDF1F /* Images.xcassets in Resources */ = {isa = PBXBuildFile; fileRef = EB693C0A18BFA7F400CCDF1F /* Images.xcassets */; };
		EB693C1218BFA7F400CCDF1F /* XCTest.framework in Frameworks */ = {isa = PBXBuildFile; fileRef = EB693C1118BFA7F400CCDF1F /* XCTest.framework */; };
		EB693C1318BFA7F400CCDF1F /* Foundation.framework in Frameworks */ = {isa = PBXBuildFile; fileRef = EB693BF218BFA7F400CCDF1F /* Foundation.framework */; };
		EB693C1418BFA7F400CCDF1F /* UIKit.framework in Frameworks */ = {isa = PBXBuildFile; fileRef = EB693BF618BFA7F400CCDF1F /* UIKit.framework */; };
		EB693C1C18BFA7F400CCDF1F /* InfoPlist.strings in Resources */ = {isa = PBXBuildFile; fileRef = EB693C1A18BFA7F400CCDF1F /* InfoPlist.strings */; };
		EB693C1E18BFA7F400CCDF1F /* BeeTests.m in Sources */ = {isa = PBXBuildFile; fileRef = EB693C1D18BFA7F400CCDF1F /* BeeTests.m */; };
		EB693C2918BFA85400CCDF1F /* BeeTableViewCell.m in Sources */ = {isa = PBXBuildFile; fileRef = EB693C2818BFA85400CCDF1F /* BeeTableViewCell.m */; };
		EB693C6318BFBF0800CCDF1F /* BeeAPIClient.m in Sources */ = {isa = PBXBuildFile; fileRef = EB693C6218BFBF0800CCDF1F /* BeeAPIClient.m */; };
		EB693C8A18BFC57600CCDF1F /* AFHTTPRequestOperation.m in Sources */ = {isa = PBXBuildFile; fileRef = EB693C6618BFC57600CCDF1F /* AFHTTPRequestOperation.m */; };
		EB693C8B18BFC57600CCDF1F /* AFHTTPRequestOperationManager.m in Sources */ = {isa = PBXBuildFile; fileRef = EB693C6818BFC57600CCDF1F /* AFHTTPRequestOperationManager.m */; };
		EB693C8C18BFC57600CCDF1F /* AFHTTPSessionManager.m in Sources */ = {isa = PBXBuildFile; fileRef = EB693C6A18BFC57600CCDF1F /* AFHTTPSessionManager.m */; };
		EB693C8D18BFC57600CCDF1F /* AFNetworkReachabilityManager.m in Sources */ = {isa = PBXBuildFile; fileRef = EB693C6D18BFC57600CCDF1F /* AFNetworkReachabilityManager.m */; };
		EB693C8E18BFC57600CCDF1F /* AFSecurityPolicy.m in Sources */ = {isa = PBXBuildFile; fileRef = EB693C6F18BFC57600CCDF1F /* AFSecurityPolicy.m */; };
		EB693C8F18BFC57600CCDF1F /* AFURLConnectionOperation.m in Sources */ = {isa = PBXBuildFile; fileRef = EB693C7118BFC57600CCDF1F /* AFURLConnectionOperation.m */; };
		EB693C9018BFC57600CCDF1F /* AFURLRequestSerialization.m in Sources */ = {isa = PBXBuildFile; fileRef = EB693C7318BFC57600CCDF1F /* AFURLRequestSerialization.m */; };
		EB693C9118BFC57600CCDF1F /* AFURLResponseSerialization.m in Sources */ = {isa = PBXBuildFile; fileRef = EB693C7518BFC57600CCDF1F /* AFURLResponseSerialization.m */; };
		EB693C9218BFC57600CCDF1F /* AFURLSessionManager.m in Sources */ = {isa = PBXBuildFile; fileRef = EB693C7718BFC57600CCDF1F /* AFURLSessionManager.m */; };
		EB693C9318BFC57600CCDF1F /* AFNetworkActivityIndicatorManager.m in Sources */ = {isa = PBXBuildFile; fileRef = EB693C7A18BFC57600CCDF1F /* AFNetworkActivityIndicatorManager.m */; };
		EB693C9418BFC57600CCDF1F /* UIActivityIndicatorView+AFNetworking.m in Sources */ = {isa = PBXBuildFile; fileRef = EB693C7C18BFC57600CCDF1F /* UIActivityIndicatorView+AFNetworking.m */; };
		EB693C9518BFC57600CCDF1F /* UIAlertView+AFNetworking.m in Sources */ = {isa = PBXBuildFile; fileRef = EB693C7E18BFC57600CCDF1F /* UIAlertView+AFNetworking.m */; };
		EB693C9618BFC57600CCDF1F /* UIButton+AFNetworking.m in Sources */ = {isa = PBXBuildFile; fileRef = EB693C8018BFC57600CCDF1F /* UIButton+AFNetworking.m */; };
		EB693C9718BFC57600CCDF1F /* UIImageView+AFNetworking.m in Sources */ = {isa = PBXBuildFile; fileRef = EB693C8218BFC57600CCDF1F /* UIImageView+AFNetworking.m */; };
		EB693C9818BFC57600CCDF1F /* UIProgressView+AFNetworking.m in Sources */ = {isa = PBXBuildFile; fileRef = EB693C8518BFC57600CCDF1F /* UIProgressView+AFNetworking.m */; };
		EB693C9918BFC57600CCDF1F /* UIRefreshControl+AFNetworking.m in Sources */ = {isa = PBXBuildFile; fileRef = EB693C8718BFC57600CCDF1F /* UIRefreshControl+AFNetworking.m */; };
		EB693C9A18BFC57600CCDF1F /* UIWebView+AFNetworking.m in Sources */ = {isa = PBXBuildFile; fileRef = EB693C8918BFC57600CCDF1F /* UIWebView+AFNetworking.m */; };
		EB693C9C18BFC59000CCDF1F /* Security.framework in Frameworks */ = {isa = PBXBuildFile; fileRef = EB693C9B18BFC59000CCDF1F /* Security.framework */; };
		EB693C9E18BFC5A200CCDF1F /* SystemConfiguration.framework in Frameworks */ = {isa = PBXBuildFile; fileRef = EB693C9D18BFC5A200CCDF1F /* SystemConfiguration.framework */; };
		EB693CA018BFC5AF00CCDF1F /* MobileCoreServices.framework in Frameworks */ = {isa = PBXBuildFile; fileRef = EB693C9F18BFC5AF00CCDF1F /* MobileCoreServices.framework */; };
		EB693CA318C0F5A000CCDF1F /* BeeAddSecretViewController.m in Sources */ = {isa = PBXBuildFile; fileRef = EB693CA218C0F5A000CCDF1F /* BeeAddSecretViewController.m */; };
		EB693CA618C1140700CCDF1F /* BeeSecretViewController.m in Sources */ = {isa = PBXBuildFile; fileRef = EB693CA518C1140700CCDF1F /* BeeSecretViewController.m */; };
		EB693CA918C148C000CCDF1F /* Secret.m in Sources */ = {isa = PBXBuildFile; fileRef = EB693CA818C148C000CCDF1F /* Secret.m */; };
		EB762C1D18C76E71003E9E96 /* FacebookSDK.framework in Frameworks */ = {isa = PBXBuildFile; fileRef = EB762C1C18C76E71003E9E96 /* FacebookSDK.framework */; };
		EB762C2018C782B0003E9E96 /* BeeLoginViewController.m in Sources */ = {isa = PBXBuildFile; fileRef = EB762C1F18C782B0003E9E96 /* BeeLoginViewController.m */; };
		EBB8272918D50D6500CCD99B /* KeychainWrapper.m in Sources */ = {isa = PBXBuildFile; fileRef = EBB8272818D50D6500CCD99B /* KeychainWrapper.m */; };
		EBEFB2B118C9002B00DDBA53 /* BeeUser.m in Sources */ = {isa = PBXBuildFile; fileRef = EBEFB2B018C9002B00DDBA53 /* BeeUser.m */; };
/* End PBXBuildFile section */

/* Begin PBXContainerItemProxy section */
		EB693C1518BFA7F400CCDF1F /* PBXContainerItemProxy */ = {
			isa = PBXContainerItemProxy;
			containerPortal = EB693BE718BFA7F400CCDF1F /* Project object */;
			proxyType = 1;
			remoteGlobalIDString = EB693BEE18BFA7F400CCDF1F;
			remoteInfo = Bee;
		};
/* End PBXContainerItemProxy section */

/* Begin PBXFileReference section */
		EB00DAEB18C3E464001B17CB /* AMScrollingNavbarViewController.h */ = {isa = PBXFileReference; fileEncoding = 4; lastKnownFileType = sourcecode.c.h; path = AMScrollingNavbarViewController.h; sourceTree = "<group>"; };
		EB00DAEC18C3E464001B17CB /* AMScrollingNavbarViewController.m */ = {isa = PBXFileReference; fileEncoding = 4; lastKnownFileType = sourcecode.c.objc; path = AMScrollingNavbarViewController.m; sourceTree = "<group>"; };
		EB00DAF018C3EF98001B17CB /* JZRefreshControl.h */ = {isa = PBXFileReference; fileEncoding = 4; lastKnownFileType = sourcecode.c.h; path = JZRefreshControl.h; sourceTree = "<group>"; };
		EB00DAF118C3EF98001B17CB /* JZRefreshControl.m */ = {isa = PBXFileReference; fileEncoding = 4; lastKnownFileType = sourcecode.c.objc; path = JZRefreshControl.m; sourceTree = "<group>"; };
		EB00DAF318C3F262001B17CB /* BeeRefreshControl.h */ = {isa = PBXFileReference; fileEncoding = 4; lastKnownFileType = sourcecode.c.h; name = BeeRefreshControl.h; path = ../BeeRefreshControl.h; sourceTree = "<group>"; };
		EB00DAF418C3F262001B17CB /* BeeRefreshControl.m */ = {isa = PBXFileReference; fileEncoding = 4; lastKnownFileType = sourcecode.c.objc; name = BeeRefreshControl.m; path = ../BeeRefreshControl.m; sourceTree = "<group>"; };
		EB15966618C6557D00722F93 /* AMScrollingNavbarTableViewController.h */ = {isa = PBXFileReference; fileEncoding = 4; lastKnownFileType = sourcecode.c.h; path = AMScrollingNavbarTableViewController.h; sourceTree = "<group>"; };
		EB15966718C6557D00722F93 /* AMScrollingNavbarTableViewController.m */ = {isa = PBXFileReference; fileEncoding = 4; lastKnownFileType = sourcecode.c.objc; path = AMScrollingNavbarTableViewController.m; sourceTree = "<group>"; };
		EB15967218C66EE900722F93 /* BeeSlideOutViewController.h */ = {isa = PBXFileReference; fileEncoding = 4; lastKnownFileType = sourcecode.c.h; path = BeeSlideOutViewController.h; sourceTree = "<group>"; };
		EB15967318C66EE900722F93 /* BeeSlideOutViewController.m */ = {isa = PBXFileReference; fileEncoding = 4; lastKnownFileType = sourcecode.c.objc; path = BeeSlideOutViewController.m; sourceTree = "<group>"; };
		EB15967518C66F1B00722F93 /* BeeNotificationsViewController.h */ = {isa = PBXFileReference; fileEncoding = 4; lastKnownFileType = sourcecode.c.h; path = BeeNotificationsViewController.h; sourceTree = "<group>"; };
		EB15967618C66F1B00722F93 /* BeeNotificationsViewController.m */ = {isa = PBXFileReference; fileEncoding = 4; lastKnownFileType = sourcecode.c.objc; path = BeeNotificationsViewController.m; sourceTree = "<group>"; };
		EB15967818C6819B00722F93 /* BeeNavigationController.h */ = {isa = PBXFileReference; fileEncoding = 4; lastKnownFileType = sourcecode.c.h; path = BeeNavigationController.h; sourceTree = "<group>"; };
		EB15967918C6819B00722F93 /* BeeNavigationController.m */ = {isa = PBXFileReference; fileEncoding = 4; lastKnownFileType = sourcecode.c.objc; path = BeeNavigationController.m; sourceTree = "<group>"; };
		EB260CBB18C1895C00AB6CB9 /* BeeCommentTableViewCell.h */ = {isa = PBXFileReference; fileEncoding = 4; lastKnownFileType = sourcecode.c.h; path = BeeCommentTableViewCell.h; sourceTree = "<group>"; };
		EB260CBC18C1895C00AB6CB9 /* BeeCommentTableViewCell.m */ = {isa = PBXFileReference; fileEncoding = 4; lastKnownFileType = sourcecode.c.objc; path = BeeCommentTableViewCell.m; sourceTree = "<group>"; };
		EB2F424618C4E0B1000B7049 /* BeeCommentView.h */ = {isa = PBXFileReference; fileEncoding = 4; lastKnownFileType = sourcecode.c.h; path = BeeCommentView.h; sourceTree = "<group>"; };
		EB2F424718C4E0B1000B7049 /* BeeCommentView.m */ = {isa = PBXFileReference; fileEncoding = 4; lastKnownFileType = sourcecode.c.objc; path = BeeCommentView.m; sourceTree = "<group>"; };
		EB2F424918C5005D000B7049 /* QuartzCore.framework */ = {isa = PBXFileReference; lastKnownFileType = wrapper.framework; name = QuartzCore.framework; path = System/Library/Frameworks/QuartzCore.framework; sourceTree = SDKROOT; };
		EB34D0ED18C23CF200637B90 /* Comment.h */ = {isa = PBXFileReference; fileEncoding = 4; lastKnownFileType = sourcecode.c.h; path = Comment.h; sourceTree = "<group>"; };
		EB34D0EE18C23CF200637B90 /* Comment.m */ = {isa = PBXFileReference; fileEncoding = 4; lastKnownFileType = sourcecode.c.objc; path = Comment.m; sourceTree = "<group>"; };
		EB34D0F018C240E500637B90 /* BeeAvatarView.h */ = {isa = PBXFileReference; fileEncoding = 4; lastKnownFileType = sourcecode.c.h; path = BeeAvatarView.h; sourceTree = "<group>"; };
		EB34D0F118C240E500637B90 /* BeeAvatarView.m */ = {isa = PBXFileReference; fileEncoding = 4; lastKnownFileType = sourcecode.c.objc; path = BeeAvatarView.m; sourceTree = "<group>"; };
		EB34D0F318C2679500637B90 /* BeeSecretView.h */ = {isa = PBXFileReference; fileEncoding = 4; lastKnownFileType = sourcecode.c.h; path = BeeSecretView.h; sourceTree = "<group>"; };
		EB34D0F418C2679500637B90 /* BeeSecretView.m */ = {isa = PBXFileReference; fileEncoding = 4; lastKnownFileType = sourcecode.c.objc; path = BeeSecretView.m; sourceTree = "<group>"; };
		EB416EF318D7555E00695353 /* BeeSignUpViewController.h */ = {isa = PBXFileReference; fileEncoding = 4; lastKnownFileType = sourcecode.c.h; path = BeeSignUpViewController.h; sourceTree = "<group>"; };
		EB416EF418D7555E00695353 /* BeeSignUpViewController.m */ = {isa = PBXFileReference; fileEncoding = 4; lastKnownFileType = sourcecode.c.objc; path = BeeSignUpViewController.m; sourceTree = "<group>"; };
		EB416EF618D7556C00695353 /* BeeSignInViewController.h */ = {isa = PBXFileReference; fileEncoding = 4; lastKnownFileType = sourcecode.c.h; path = BeeSignInViewController.h; sourceTree = "<group>"; };
		EB416EF718D7556C00695353 /* BeeSignInViewController.m */ = {isa = PBXFileReference; fileEncoding = 4; lastKnownFileType = sourcecode.c.objc; path = BeeSignInViewController.m; sourceTree = "<group>"; };
		EB4A5B6318D7F1C500B2C3A6 /* BeeTableViewController.h */ = {isa = PBXFileReference; fileEncoding = 4; lastKnownFileType = sourcecode.c.h; path = BeeTableViewController.h; sourceTree = "<group>"; };
		EB4A5B6418D7F1C500B2C3A6 /* BeeTableViewController.m */ = {isa = PBXFileReference; fileEncoding = 4; lastKnownFileType = sourcecode.c.objc; path = BeeTableViewController.m; sourceTree = "<group>"; };
		EB693BEF18BFA7F400CCDF1F /* Bee.app */ = {isa = PBXFileReference; explicitFileType = wrapper.application; includeInIndex = 0; path = Bee.app; sourceTree = BUILT_PRODUCTS_DIR; };
		EB693BF218BFA7F400CCDF1F /* Foundation.framework */ = {isa = PBXFileReference; lastKnownFileType = wrapper.framework; name = Foundation.framework; path = System/Library/Frameworks/Foundation.framework; sourceTree = SDKROOT; };
		EB693BF418BFA7F400CCDF1F /* CoreGraphics.framework */ = {isa = PBXFileReference; lastKnownFileType = wrapper.framework; name = CoreGraphics.framework; path = System/Library/Frameworks/CoreGraphics.framework; sourceTree = SDKROOT; };
		EB693BF618BFA7F400CCDF1F /* UIKit.framework */ = {isa = PBXFileReference; lastKnownFileType = wrapper.framework; name = UIKit.framework; path = System/Library/Frameworks/UIKit.framework; sourceTree = SDKROOT; };
		EB693BFA18BFA7F400CCDF1F /* Bee-Info.plist */ = {isa = PBXFileReference; lastKnownFileType = text.plist.xml; path = "Bee-Info.plist"; sourceTree = "<group>"; };
		EB693BFC18BFA7F400CCDF1F /* en */ = {isa = PBXFileReference; lastKnownFileType = text.plist.strings; name = en; path = en.lproj/InfoPlist.strings; sourceTree = "<group>"; };
		EB693BFE18BFA7F400CCDF1F /* main.m */ = {isa = PBXFileReference; lastKnownFileType = sourcecode.c.objc; path = main.m; sourceTree = "<group>"; };
		EB693C0018BFA7F400CCDF1F /* Bee-Prefix.pch */ = {isa = PBXFileReference; lastKnownFileType = sourcecode.c.h; path = "Bee-Prefix.pch"; sourceTree = "<group>"; };
		EB693C0118BFA7F400CCDF1F /* BeeAppDelegate.h */ = {isa = PBXFileReference; lastKnownFileType = sourcecode.c.h; path = BeeAppDelegate.h; sourceTree = "<group>"; };
		EB693C0218BFA7F400CCDF1F /* BeeAppDelegate.m */ = {isa = PBXFileReference; lastKnownFileType = sourcecode.c.objc; path = BeeAppDelegate.m; sourceTree = "<group>"; };
		EB693C0518BFA7F400CCDF1F /* Base */ = {isa = PBXFileReference; lastKnownFileType = file.storyboard; name = Base; path = Base.lproj/Main.storyboard; sourceTree = "<group>"; };
		EB693C0718BFA7F400CCDF1F /* BeeViewController.h */ = {isa = PBXFileReference; lastKnownFileType = sourcecode.c.h; path = BeeViewController.h; sourceTree = "<group>"; };
		EB693C0818BFA7F400CCDF1F /* BeeViewController.m */ = {isa = PBXFileReference; lastKnownFileType = sourcecode.c.objc; path = BeeViewController.m; sourceTree = "<group>"; };
		EB693C0A18BFA7F400CCDF1F /* Images.xcassets */ = {isa = PBXFileReference; lastKnownFileType = folder.assetcatalog; path = Images.xcassets; sourceTree = "<group>"; };
		EB693C1018BFA7F400CCDF1F /* BeeTests.xctest */ = {isa = PBXFileReference; explicitFileType = wrapper.cfbundle; includeInIndex = 0; path = BeeTests.xctest; sourceTree = BUILT_PRODUCTS_DIR; };
		EB693C1118BFA7F400CCDF1F /* XCTest.framework */ = {isa = PBXFileReference; lastKnownFileType = wrapper.framework; name = XCTest.framework; path = Library/Frameworks/XCTest.framework; sourceTree = DEVELOPER_DIR; };
		EB693C1918BFA7F400CCDF1F /* BeeTests-Info.plist */ = {isa = PBXFileReference; lastKnownFileType = text.plist.xml; path = "BeeTests-Info.plist"; sourceTree = "<group>"; };
		EB693C1B18BFA7F400CCDF1F /* en */ = {isa = PBXFileReference; lastKnownFileType = text.plist.strings; name = en; path = en.lproj/InfoPlist.strings; sourceTree = "<group>"; };
		EB693C1D18BFA7F400CCDF1F /* BeeTests.m */ = {isa = PBXFileReference; lastKnownFileType = sourcecode.c.objc; path = BeeTests.m; sourceTree = "<group>"; };
		EB693C2718BFA85400CCDF1F /* BeeTableViewCell.h */ = {isa = PBXFileReference; fileEncoding = 4; lastKnownFileType = sourcecode.c.h; path = BeeTableViewCell.h; sourceTree = "<group>"; };
		EB693C2818BFA85400CCDF1F /* BeeTableViewCell.m */ = {isa = PBXFileReference; fileEncoding = 4; lastKnownFileType = sourcecode.c.objc; path = BeeTableViewCell.m; sourceTree = "<group>"; };
		EB693C6118BFBF0800CCDF1F /* BeeAPIClient.h */ = {isa = PBXFileReference; fileEncoding = 4; lastKnownFileType = sourcecode.c.h; path = BeeAPIClient.h; sourceTree = "<group>"; };
		EB693C6218BFBF0800CCDF1F /* BeeAPIClient.m */ = {isa = PBXFileReference; fileEncoding = 4; lastKnownFileType = sourcecode.c.objc; path = BeeAPIClient.m; sourceTree = "<group>"; };
		EB693C6518BFC57600CCDF1F /* AFHTTPRequestOperation.h */ = {isa = PBXFileReference; fileEncoding = 4; lastKnownFileType = sourcecode.c.h; path = AFHTTPRequestOperation.h; sourceTree = "<group>"; };
		EB693C6618BFC57600CCDF1F /* AFHTTPRequestOperation.m */ = {isa = PBXFileReference; fileEncoding = 4; lastKnownFileType = sourcecode.c.objc; path = AFHTTPRequestOperation.m; sourceTree = "<group>"; };
		EB693C6718BFC57600CCDF1F /* AFHTTPRequestOperationManager.h */ = {isa = PBXFileReference; fileEncoding = 4; lastKnownFileType = sourcecode.c.h; path = AFHTTPRequestOperationManager.h; sourceTree = "<group>"; };
		EB693C6818BFC57600CCDF1F /* AFHTTPRequestOperationManager.m */ = {isa = PBXFileReference; fileEncoding = 4; lastKnownFileType = sourcecode.c.objc; path = AFHTTPRequestOperationManager.m; sourceTree = "<group>"; };
		EB693C6918BFC57600CCDF1F /* AFHTTPSessionManager.h */ = {isa = PBXFileReference; fileEncoding = 4; lastKnownFileType = sourcecode.c.h; path = AFHTTPSessionManager.h; sourceTree = "<group>"; };
		EB693C6A18BFC57600CCDF1F /* AFHTTPSessionManager.m */ = {isa = PBXFileReference; fileEncoding = 4; lastKnownFileType = sourcecode.c.objc; path = AFHTTPSessionManager.m; sourceTree = "<group>"; };
		EB693C6B18BFC57600CCDF1F /* AFNetworking.h */ = {isa = PBXFileReference; fileEncoding = 4; lastKnownFileType = sourcecode.c.h; path = AFNetworking.h; sourceTree = "<group>"; };
		EB693C6C18BFC57600CCDF1F /* AFNetworkReachabilityManager.h */ = {isa = PBXFileReference; fileEncoding = 4; lastKnownFileType = sourcecode.c.h; path = AFNetworkReachabilityManager.h; sourceTree = "<group>"; };
		EB693C6D18BFC57600CCDF1F /* AFNetworkReachabilityManager.m */ = {isa = PBXFileReference; fileEncoding = 4; lastKnownFileType = sourcecode.c.objc; path = AFNetworkReachabilityManager.m; sourceTree = "<group>"; };
		EB693C6E18BFC57600CCDF1F /* AFSecurityPolicy.h */ = {isa = PBXFileReference; fileEncoding = 4; lastKnownFileType = sourcecode.c.h; path = AFSecurityPolicy.h; sourceTree = "<group>"; };
		EB693C6F18BFC57600CCDF1F /* AFSecurityPolicy.m */ = {isa = PBXFileReference; fileEncoding = 4; lastKnownFileType = sourcecode.c.objc; path = AFSecurityPolicy.m; sourceTree = "<group>"; };
		EB693C7018BFC57600CCDF1F /* AFURLConnectionOperation.h */ = {isa = PBXFileReference; fileEncoding = 4; lastKnownFileType = sourcecode.c.h; path = AFURLConnectionOperation.h; sourceTree = "<group>"; };
		EB693C7118BFC57600CCDF1F /* AFURLConnectionOperation.m */ = {isa = PBXFileReference; fileEncoding = 4; lastKnownFileType = sourcecode.c.objc; path = AFURLConnectionOperation.m; sourceTree = "<group>"; };
		EB693C7218BFC57600CCDF1F /* AFURLRequestSerialization.h */ = {isa = PBXFileReference; fileEncoding = 4; lastKnownFileType = sourcecode.c.h; path = AFURLRequestSerialization.h; sourceTree = "<group>"; };
		EB693C7318BFC57600CCDF1F /* AFURLRequestSerialization.m */ = {isa = PBXFileReference; fileEncoding = 4; lastKnownFileType = sourcecode.c.objc; path = AFURLRequestSerialization.m; sourceTree = "<group>"; };
		EB693C7418BFC57600CCDF1F /* AFURLResponseSerialization.h */ = {isa = PBXFileReference; fileEncoding = 4; lastKnownFileType = sourcecode.c.h; path = AFURLResponseSerialization.h; sourceTree = "<group>"; };
		EB693C7518BFC57600CCDF1F /* AFURLResponseSerialization.m */ = {isa = PBXFileReference; fileEncoding = 4; lastKnownFileType = sourcecode.c.objc; path = AFURLResponseSerialization.m; sourceTree = "<group>"; };
		EB693C7618BFC57600CCDF1F /* AFURLSessionManager.h */ = {isa = PBXFileReference; fileEncoding = 4; lastKnownFileType = sourcecode.c.h; path = AFURLSessionManager.h; sourceTree = "<group>"; };
		EB693C7718BFC57600CCDF1F /* AFURLSessionManager.m */ = {isa = PBXFileReference; fileEncoding = 4; lastKnownFileType = sourcecode.c.objc; path = AFURLSessionManager.m; sourceTree = "<group>"; };
		EB693C7918BFC57600CCDF1F /* AFNetworkActivityIndicatorManager.h */ = {isa = PBXFileReference; fileEncoding = 4; lastKnownFileType = sourcecode.c.h; path = AFNetworkActivityIndicatorManager.h; sourceTree = "<group>"; };
		EB693C7A18BFC57600CCDF1F /* AFNetworkActivityIndicatorManager.m */ = {isa = PBXFileReference; fileEncoding = 4; lastKnownFileType = sourcecode.c.objc; path = AFNetworkActivityIndicatorManager.m; sourceTree = "<group>"; };
		EB693C7B18BFC57600CCDF1F /* UIActivityIndicatorView+AFNetworking.h */ = {isa = PBXFileReference; fileEncoding = 4; lastKnownFileType = sourcecode.c.h; path = "UIActivityIndicatorView+AFNetworking.h"; sourceTree = "<group>"; };
		EB693C7C18BFC57600CCDF1F /* UIActivityIndicatorView+AFNetworking.m */ = {isa = PBXFileReference; fileEncoding = 4; lastKnownFileType = sourcecode.c.objc; path = "UIActivityIndicatorView+AFNetworking.m"; sourceTree = "<group>"; };
		EB693C7D18BFC57600CCDF1F /* UIAlertView+AFNetworking.h */ = {isa = PBXFileReference; fileEncoding = 4; lastKnownFileType = sourcecode.c.h; path = "UIAlertView+AFNetworking.h"; sourceTree = "<group>"; };
		EB693C7E18BFC57600CCDF1F /* UIAlertView+AFNetworking.m */ = {isa = PBXFileReference; fileEncoding = 4; lastKnownFileType = sourcecode.c.objc; path = "UIAlertView+AFNetworking.m"; sourceTree = "<group>"; };
		EB693C7F18BFC57600CCDF1F /* UIButton+AFNetworking.h */ = {isa = PBXFileReference; fileEncoding = 4; lastKnownFileType = sourcecode.c.h; path = "UIButton+AFNetworking.h"; sourceTree = "<group>"; };
		EB693C8018BFC57600CCDF1F /* UIButton+AFNetworking.m */ = {isa = PBXFileReference; fileEncoding = 4; lastKnownFileType = sourcecode.c.objc; path = "UIButton+AFNetworking.m"; sourceTree = "<group>"; };
		EB693C8118BFC57600CCDF1F /* UIImageView+AFNetworking.h */ = {isa = PBXFileReference; fileEncoding = 4; lastKnownFileType = sourcecode.c.h; path = "UIImageView+AFNetworking.h"; sourceTree = "<group>"; };
		EB693C8218BFC57600CCDF1F /* UIImageView+AFNetworking.m */ = {isa = PBXFileReference; fileEncoding = 4; lastKnownFileType = sourcecode.c.objc; path = "UIImageView+AFNetworking.m"; sourceTree = "<group>"; };
		EB693C8318BFC57600CCDF1F /* UIKit+AFNetworking.h */ = {isa = PBXFileReference; fileEncoding = 4; lastKnownFileType = sourcecode.c.h; path = "UIKit+AFNetworking.h"; sourceTree = "<group>"; };
		EB693C8418BFC57600CCDF1F /* UIProgressView+AFNetworking.h */ = {isa = PBXFileReference; fileEncoding = 4; lastKnownFileType = sourcecode.c.h; path = "UIProgressView+AFNetworking.h"; sourceTree = "<group>"; };
		EB693C8518BFC57600CCDF1F /* UIProgressView+AFNetworking.m */ = {isa = PBXFileReference; fileEncoding = 4; lastKnownFileType = sourcecode.c.objc; path = "UIProgressView+AFNetworking.m"; sourceTree = "<group>"; };
		EB693C8618BFC57600CCDF1F /* UIRefreshControl+AFNetworking.h */ = {isa = PBXFileReference; fileEncoding = 4; lastKnownFileType = sourcecode.c.h; path = "UIRefreshControl+AFNetworking.h"; sourceTree = "<group>"; };
		EB693C8718BFC57600CCDF1F /* UIRefreshControl+AFNetworking.m */ = {isa = PBXFileReference; fileEncoding = 4; lastKnownFileType = sourcecode.c.objc; path = "UIRefreshControl+AFNetworking.m"; sourceTree = "<group>"; };
		EB693C8818BFC57600CCDF1F /* UIWebView+AFNetworking.h */ = {isa = PBXFileReference; fileEncoding = 4; lastKnownFileType = sourcecode.c.h; path = "UIWebView+AFNetworking.h"; sourceTree = "<group>"; };
		EB693C8918BFC57600CCDF1F /* UIWebView+AFNetworking.m */ = {isa = PBXFileReference; fileEncoding = 4; lastKnownFileType = sourcecode.c.objc; path = "UIWebView+AFNetworking.m"; sourceTree = "<group>"; };
		EB693C9B18BFC59000CCDF1F /* Security.framework */ = {isa = PBXFileReference; lastKnownFileType = wrapper.framework; name = Security.framework; path = System/Library/Frameworks/Security.framework; sourceTree = SDKROOT; };
		EB693C9D18BFC5A200CCDF1F /* SystemConfiguration.framework */ = {isa = PBXFileReference; lastKnownFileType = wrapper.framework; name = SystemConfiguration.framework; path = System/Library/Frameworks/SystemConfiguration.framework; sourceTree = SDKROOT; };
		EB693C9F18BFC5AF00CCDF1F /* MobileCoreServices.framework */ = {isa = PBXFileReference; lastKnownFileType = wrapper.framework; name = MobileCoreServices.framework; path = System/Library/Frameworks/MobileCoreServices.framework; sourceTree = SDKROOT; };
		EB693CA118C0F5A000CCDF1F /* BeeAddSecretViewController.h */ = {isa = PBXFileReference; fileEncoding = 4; lastKnownFileType = sourcecode.c.h; path = BeeAddSecretViewController.h; sourceTree = "<group>"; };
		EB693CA218C0F5A000CCDF1F /* BeeAddSecretViewController.m */ = {isa = PBXFileReference; fileEncoding = 4; lastKnownFileType = sourcecode.c.objc; path = BeeAddSecretViewController.m; sourceTree = "<group>"; };
		EB693CA418C1140700CCDF1F /* BeeSecretViewController.h */ = {isa = PBXFileReference; fileEncoding = 4; lastKnownFileType = sourcecode.c.h; path = BeeSecretViewController.h; sourceTree = "<group>"; };
		EB693CA518C1140700CCDF1F /* BeeSecretViewController.m */ = {isa = PBXFileReference; fileEncoding = 4; lastKnownFileType = sourcecode.c.objc; path = BeeSecretViewController.m; sourceTree = "<group>"; };
		EB693CA718C148C000CCDF1F /* Secret.h */ = {isa = PBXFileReference; fileEncoding = 4; lastKnownFileType = sourcecode.c.h; path = Secret.h; sourceTree = "<group>"; };
		EB693CA818C148C000CCDF1F /* Secret.m */ = {isa = PBXFileReference; fileEncoding = 4; lastKnownFileType = sourcecode.c.objc; path = Secret.m; sourceTree = "<group>"; };
		EB762C1C18C76E71003E9E96 /* FacebookSDK.framework */ = {isa = PBXFileReference; lastKnownFileType = wrapper.framework; name = FacebookSDK.framework; path = ../../Documents/FacebookSDK/FacebookSDK.framework; sourceTree = "<group>"; };
		EB762C1E18C782B0003E9E96 /* BeeLoginViewController.h */ = {isa = PBXFileReference; fileEncoding = 4; lastKnownFileType = sourcecode.c.h; path = BeeLoginViewController.h; sourceTree = "<group>"; };
		EB762C1F18C782B0003E9E96 /* BeeLoginViewController.m */ = {isa = PBXFileReference; fileEncoding = 4; lastKnownFileType = sourcecode.c.objc; path = BeeLoginViewController.m; sourceTree = "<group>"; };
		EBB8272718D50D6500CCD99B /* KeychainWrapper.h */ = {isa = PBXFileReference; fileEncoding = 4; lastKnownFileType = sourcecode.c.h; path = KeychainWrapper.h; sourceTree = "<group>"; };
		EBB8272818D50D6500CCD99B /* KeychainWrapper.m */ = {isa = PBXFileReference; fileEncoding = 4; lastKnownFileType = sourcecode.c.objc; path = KeychainWrapper.m; sourceTree = "<group>"; };
		EBEFB2AF18C9002B00DDBA53 /* BeeUser.h */ = {isa = PBXFileReference; fileEncoding = 4; lastKnownFileType = sourcecode.c.h; path = BeeUser.h; sourceTree = "<group>"; };
		EBEFB2B018C9002B00DDBA53 /* BeeUser.m */ = {isa = PBXFileReference; fileEncoding = 4; lastKnownFileType = sourcecode.c.objc; path = BeeUser.m; sourceTree = "<group>"; };
/* End PBXFileReference section */

/* Begin PBXFrameworksBuildPhase section */
		EB693BEC18BFA7F400CCDF1F /* Frameworks */ = {
			isa = PBXFrameworksBuildPhase;
			buildActionMask = 2147483647;
			files = (
				EB2F424A18C5005D000B7049 /* QuartzCore.framework in Frameworks */,
				EB693CA018BFC5AF00CCDF1F /* MobileCoreServices.framework in Frameworks */,
				EB693C9E18BFC5A200CCDF1F /* SystemConfiguration.framework in Frameworks */,
				EB693C9C18BFC59000CCDF1F /* Security.framework in Frameworks */,
				EB693BF518BFA7F400CCDF1F /* CoreGraphics.framework in Frameworks */,
				EB762C1D18C76E71003E9E96 /* FacebookSDK.framework in Frameworks */,
				EB693BF718BFA7F400CCDF1F /* UIKit.framework in Frameworks */,
				EB693BF318BFA7F400CCDF1F /* Foundation.framework in Frameworks */,
			);
			runOnlyForDeploymentPostprocessing = 0;
		};
		EB693C0D18BFA7F400CCDF1F /* Frameworks */ = {
			isa = PBXFrameworksBuildPhase;
			buildActionMask = 2147483647;
			files = (
				EB693C1218BFA7F400CCDF1F /* XCTest.framework in Frameworks */,
				EB693C1418BFA7F400CCDF1F /* UIKit.framework in Frameworks */,
				EB693C1318BFA7F400CCDF1F /* Foundation.framework in Frameworks */,
			);
			runOnlyForDeploymentPostprocessing = 0;
		};
/* End PBXFrameworksBuildPhase section */

/* Begin PBXGroup section */
		EB00DAEE18C3E46D001B17CB /* AMScrollingNavbarViewController */ = {
			isa = PBXGroup;
			children = (
				EB00DAEB18C3E464001B17CB /* AMScrollingNavbarViewController.h */,
				EB00DAEC18C3E464001B17CB /* AMScrollingNavbarViewController.m */,
				EB15966618C6557D00722F93 /* AMScrollingNavbarTableViewController.h */,
				EB15966718C6557D00722F93 /* AMScrollingNavbarTableViewController.m */,
			);
			name = AMScrollingNavbarViewController;
			sourceTree = "<group>";
		};
		EB00DAEF18C3EF98001B17CB /* JZRefreshControl */ = {
			isa = PBXGroup;
			children = (
				EB00DAF318C3F262001B17CB /* BeeRefreshControl.h */,
				EB00DAF418C3F262001B17CB /* BeeRefreshControl.m */,
				EB00DAF018C3EF98001B17CB /* JZRefreshControl.h */,
				EB00DAF118C3EF98001B17CB /* JZRefreshControl.m */,
			);
			path = JZRefreshControl;
			sourceTree = "<group>";
		};
		EB15967B18C68A7300722F93 /* Bee Slide Out Controllers */ = {
			isa = PBXGroup;
			children = (
				EB15967218C66EE900722F93 /* BeeSlideOutViewController.h */,
				EB15967318C66EE900722F93 /* BeeSlideOutViewController.m */,
				EB15967818C6819B00722F93 /* BeeNavigationController.h */,
				EB15967918C6819B00722F93 /* BeeNavigationController.m */,
				EB15967518C66F1B00722F93 /* BeeNotificationsViewController.h */,
				EB15967618C66F1B00722F93 /* BeeNotificationsViewController.m */,
				EB693C0718BFA7F400CCDF1F /* BeeViewController.h */,
				EB693C0818BFA7F400CCDF1F /* BeeViewController.m */,
				EB4A5B6318D7F1C500B2C3A6 /* BeeTableViewController.h */,
				EB4A5B6418D7F1C500B2C3A6 /* BeeTableViewController.m */,
			);
			name = "Bee Slide Out Controllers";
			sourceTree = "<group>";
		};
		EB15967C18C68A8800722F93 /* Bee Secret Controller */ = {
			isa = PBXGroup;
			children = (
				EB693CA118C0F5A000CCDF1F /* BeeAddSecretViewController.h */,
				EB693CA218C0F5A000CCDF1F /* BeeAddSecretViewController.m */,
				EB693CA418C1140700CCDF1F /* BeeSecretViewController.h */,
				EB693CA518C1140700CCDF1F /* BeeSecretViewController.m */,
				EB2F424618C4E0B1000B7049 /* BeeCommentView.h */,
				EB2F424718C4E0B1000B7049 /* BeeCommentView.m */,
			);
			name = "Bee Secret Controller";
			sourceTree = "<group>";
		};
		EB260CC118C18D1200AB6CB9 /* TableView Cell */ = {
			isa = PBXGroup;
			children = (
				EB693C2718BFA85400CCDF1F /* BeeTableViewCell.h */,
				EB693C2818BFA85400CCDF1F /* BeeTableViewCell.m */,
				EB260CBB18C1895C00AB6CB9 /* BeeCommentTableViewCell.h */,
				EB260CBC18C1895C00AB6CB9 /* BeeCommentTableViewCell.m */,
				EB34D0F018C240E500637B90 /* BeeAvatarView.h */,
				EB34D0F118C240E500637B90 /* BeeAvatarView.m */,
				EB34D0F318C2679500637B90 /* BeeSecretView.h */,
				EB34D0F418C2679500637B90 /* BeeSecretView.m */,
			);
			name = "TableView Cell";
			sourceTree = "<group>";
		};
		EB4A5B6218D7D83300B2C3A6 /* Bee Login */ = {
			isa = PBXGroup;
			children = (
				EB762C1E18C782B0003E9E96 /* BeeLoginViewController.h */,
				EB762C1F18C782B0003E9E96 /* BeeLoginViewController.m */,
				EB416EF318D7555E00695353 /* BeeSignUpViewController.h */,
				EB416EF418D7555E00695353 /* BeeSignUpViewController.m */,
				EB416EF618D7556C00695353 /* BeeSignInViewController.h */,
				EB416EF718D7556C00695353 /* BeeSignInViewController.m */,
			);
			name = "Bee Login";
			sourceTree = "<group>";
		};
		EB693BE618BFA7F400CCDF1F = {
			isa = PBXGroup;
			children = (
				EB693BF818BFA7F400CCDF1F /* Bee */,
				EB693C1718BFA7F400CCDF1F /* BeeTests */,
				EB693BF118BFA7F400CCDF1F /* Frameworks */,
				EB693BF018BFA7F400CCDF1F /* Products */,
			);
			sourceTree = "<group>";
		};
		EB693BF018BFA7F400CCDF1F /* Products */ = {
			isa = PBXGroup;
			children = (
				EB693BEF18BFA7F400CCDF1F /* Bee.app */,
				EB693C1018BFA7F400CCDF1F /* BeeTests.xctest */,
			);
			name = Products;
			sourceTree = "<group>";
		};
		EB693BF118BFA7F400CCDF1F /* Frameworks */ = {
			isa = PBXGroup;
			children = (
				EB762C1C18C76E71003E9E96 /* FacebookSDK.framework */,
				EB2F424918C5005D000B7049 /* QuartzCore.framework */,
				EB693C9F18BFC5AF00CCDF1F /* MobileCoreServices.framework */,
				EB693C9D18BFC5A200CCDF1F /* SystemConfiguration.framework */,
				EB693C9B18BFC59000CCDF1F /* Security.framework */,
				EB693BF218BFA7F400CCDF1F /* Foundation.framework */,
				EB693BF418BFA7F400CCDF1F /* CoreGraphics.framework */,
				EB693BF618BFA7F400CCDF1F /* UIKit.framework */,
				EB693C1118BFA7F400CCDF1F /* XCTest.framework */,
			);
			name = Frameworks;
			sourceTree = "<group>";
		};
		EB693BF818BFA7F400CCDF1F /* Bee */ = {
			isa = PBXGroup;
			children = (
				EB00DAEF18C3EF98001B17CB /* JZRefreshControl */,
				EB00DAEE18C3E46D001B17CB /* AMScrollingNavbarViewController */,
				EB693C6418BFC57600CCDF1F /* AFNetworking */,
				EB693C7818BFC57600CCDF1F /* UIKit+AFNetworking */,
				EB693C0118BFA7F400CCDF1F /* BeeAppDelegate.h */,
				EB693C0218BFA7F400CCDF1F /* BeeAppDelegate.m */,
				EBEFB2AF18C9002B00DDBA53 /* BeeUser.h */,
				EBEFB2B018C9002B00DDBA53 /* BeeUser.m */,
				EBB8272718D50D6500CCD99B /* KeychainWrapper.h */,
				EBB8272818D50D6500CCD99B /* KeychainWrapper.m */,
				EB693C0418BFA7F400CCDF1F /* Main.storyboard */,
				EB4A5B6218D7D83300B2C3A6 /* Bee Login */,
				EB15967B18C68A7300722F93 /* Bee Slide Out Controllers */,
				EB15967C18C68A8800722F93 /* Bee Secret Controller */,
				EB260CC118C18D1200AB6CB9 /* TableView Cell */,
				EB693CA718C148C000CCDF1F /* Secret.h */,
				EB693CA818C148C000CCDF1F /* Secret.m */,
				EB34D0ED18C23CF200637B90 /* Comment.h */,
				EB34D0EE18C23CF200637B90 /* Comment.m */,
				EB693C6118BFBF0800CCDF1F /* BeeAPIClient.h */,
				EB693C6218BFBF0800CCDF1F /* BeeAPIClient.m */,
				EB693C0A18BFA7F400CCDF1F /* Images.xcassets */,
				EB693BF918BFA7F400CCDF1F /* Supporting Files */,
			);
			path = Bee;
			sourceTree = "<group>";
		};
		EB693BF918BFA7F400CCDF1F /* Supporting Files */ = {
			isa = PBXGroup;
			children = (
				EB693BFA18BFA7F400CCDF1F /* Bee-Info.plist */,
				EB693BFB18BFA7F400CCDF1F /* InfoPlist.strings */,
				EB693BFE18BFA7F400CCDF1F /* main.m */,
				EB693C0018BFA7F400CCDF1F /* Bee-Prefix.pch */,
			);
			name = "Supporting Files";
			sourceTree = "<group>";
		};
		EB693C1718BFA7F400CCDF1F /* BeeTests */ = {
			isa = PBXGroup;
			children = (
				EB693C1D18BFA7F400CCDF1F /* BeeTests.m */,
				EB693C1818BFA7F400CCDF1F /* Supporting Files */,
			);
			path = BeeTests;
			sourceTree = "<group>";
		};
		EB693C1818BFA7F400CCDF1F /* Supporting Files */ = {
			isa = PBXGroup;
			children = (
				EB693C1918BFA7F400CCDF1F /* BeeTests-Info.plist */,
				EB693C1A18BFA7F400CCDF1F /* InfoPlist.strings */,
			);
			name = "Supporting Files";
			sourceTree = "<group>";
		};
		EB693C6418BFC57600CCDF1F /* AFNetworking */ = {
			isa = PBXGroup;
			children = (
				EB693C6518BFC57600CCDF1F /* AFHTTPRequestOperation.h */,
				EB693C6618BFC57600CCDF1F /* AFHTTPRequestOperation.m */,
				EB693C6718BFC57600CCDF1F /* AFHTTPRequestOperationManager.h */,
				EB693C6818BFC57600CCDF1F /* AFHTTPRequestOperationManager.m */,
				EB693C6918BFC57600CCDF1F /* AFHTTPSessionManager.h */,
				EB693C6A18BFC57600CCDF1F /* AFHTTPSessionManager.m */,
				EB693C6B18BFC57600CCDF1F /* AFNetworking.h */,
				EB693C6C18BFC57600CCDF1F /* AFNetworkReachabilityManager.h */,
				EB693C6D18BFC57600CCDF1F /* AFNetworkReachabilityManager.m */,
				EB693C6E18BFC57600CCDF1F /* AFSecurityPolicy.h */,
				EB693C6F18BFC57600CCDF1F /* AFSecurityPolicy.m */,
				EB693C7018BFC57600CCDF1F /* AFURLConnectionOperation.h */,
				EB693C7118BFC57600CCDF1F /* AFURLConnectionOperation.m */,
				EB693C7218BFC57600CCDF1F /* AFURLRequestSerialization.h */,
				EB693C7318BFC57600CCDF1F /* AFURLRequestSerialization.m */,
				EB693C7418BFC57600CCDF1F /* AFURLResponseSerialization.h */,
				EB693C7518BFC57600CCDF1F /* AFURLResponseSerialization.m */,
				EB693C7618BFC57600CCDF1F /* AFURLSessionManager.h */,
				EB693C7718BFC57600CCDF1F /* AFURLSessionManager.m */,
			);
			path = AFNetworking;
			sourceTree = "<group>";
		};
		EB693C7818BFC57600CCDF1F /* UIKit+AFNetworking */ = {
			isa = PBXGroup;
			children = (
				EB693C7918BFC57600CCDF1F /* AFNetworkActivityIndicatorManager.h */,
				EB693C7A18BFC57600CCDF1F /* AFNetworkActivityIndicatorManager.m */,
				EB693C7B18BFC57600CCDF1F /* UIActivityIndicatorView+AFNetworking.h */,
				EB693C7C18BFC57600CCDF1F /* UIActivityIndicatorView+AFNetworking.m */,
				EB693C7D18BFC57600CCDF1F /* UIAlertView+AFNetworking.h */,
				EB693C7E18BFC57600CCDF1F /* UIAlertView+AFNetworking.m */,
				EB693C7F18BFC57600CCDF1F /* UIButton+AFNetworking.h */,
				EB693C8018BFC57600CCDF1F /* UIButton+AFNetworking.m */,
				EB693C8118BFC57600CCDF1F /* UIImageView+AFNetworking.h */,
				EB693C8218BFC57600CCDF1F /* UIImageView+AFNetworking.m */,
				EB693C8318BFC57600CCDF1F /* UIKit+AFNetworking.h */,
				EB693C8418BFC57600CCDF1F /* UIProgressView+AFNetworking.h */,
				EB693C8518BFC57600CCDF1F /* UIProgressView+AFNetworking.m */,
				EB693C8618BFC57600CCDF1F /* UIRefreshControl+AFNetworking.h */,
				EB693C8718BFC57600CCDF1F /* UIRefreshControl+AFNetworking.m */,
				EB693C8818BFC57600CCDF1F /* UIWebView+AFNetworking.h */,
				EB693C8918BFC57600CCDF1F /* UIWebView+AFNetworking.m */,
			);
			path = "UIKit+AFNetworking";
			sourceTree = "<group>";
		};
/* End PBXGroup section */

/* Begin PBXNativeTarget section */
		EB693BEE18BFA7F400CCDF1F /* Bee */ = {
			isa = PBXNativeTarget;
			buildConfigurationList = EB693C2118BFA7F500CCDF1F /* Build configuration list for PBXNativeTarget "Bee" */;
			buildPhases = (
				EB693BEB18BFA7F400CCDF1F /* Sources */,
				EB693BEC18BFA7F400CCDF1F /* Frameworks */,
				EB693BED18BFA7F400CCDF1F /* Resources */,
			);
			buildRules = (
			);
			dependencies = (
			);
			name = Bee;
			productName = Bee;
			productReference = EB693BEF18BFA7F400CCDF1F /* Bee.app */;
			productType = "com.apple.product-type.application";
		};
		EB693C0F18BFA7F400CCDF1F /* BeeTests */ = {
			isa = PBXNativeTarget;
			buildConfigurationList = EB693C2418BFA7F500CCDF1F /* Build configuration list for PBXNativeTarget "BeeTests" */;
			buildPhases = (
				EB693C0C18BFA7F400CCDF1F /* Sources */,
				EB693C0D18BFA7F400CCDF1F /* Frameworks */,
				EB693C0E18BFA7F400CCDF1F /* Resources */,
			);
			buildRules = (
			);
			dependencies = (
				EB693C1618BFA7F400CCDF1F /* PBXTargetDependency */,
			);
			name = BeeTests;
			productName = BeeTests;
			productReference = EB693C1018BFA7F400CCDF1F /* BeeTests.xctest */;
			productType = "com.apple.product-type.bundle.unit-test";
		};
/* End PBXNativeTarget section */

/* Begin PBXProject section */
		EB693BE718BFA7F400CCDF1F /* Project object */ = {
			isa = PBXProject;
			attributes = {
				CLASSPREFIX = Bee;
				LastUpgradeCheck = 0510;
				ORGANIZATIONNAME = "Emiliano Bivachi";
				TargetAttributes = {
					EB693C0F18BFA7F400CCDF1F = {
						TestTargetID = EB693BEE18BFA7F400CCDF1F;
					};
				};
			};
			buildConfigurationList = EB693BEA18BFA7F400CCDF1F /* Build configuration list for PBXProject "Bee" */;
			compatibilityVersion = "Xcode 3.2";
			developmentRegion = English;
			hasScannedForEncodings = 0;
			knownRegions = (
				en,
				Base,
			);
			mainGroup = EB693BE618BFA7F400CCDF1F;
			productRefGroup = EB693BF018BFA7F400CCDF1F /* Products */;
			projectDirPath = "";
			projectRoot = "";
			targets = (
				EB693BEE18BFA7F400CCDF1F /* Bee */,
				EB693C0F18BFA7F400CCDF1F /* BeeTests */,
			);
		};
/* End PBXProject section */

/* Begin PBXResourcesBuildPhase section */
		EB693BED18BFA7F400CCDF1F /* Resources */ = {
			isa = PBXResourcesBuildPhase;
			buildActionMask = 2147483647;
			files = (
				EB693C0B18BFA7F400CCDF1F /* Images.xcassets in Resources */,
				EB693BFD18BFA7F400CCDF1F /* InfoPlist.strings in Resources */,
				EB693C0618BFA7F400CCDF1F /* Main.storyboard in Resources */,
			);
			runOnlyForDeploymentPostprocessing = 0;
		};
		EB693C0E18BFA7F400CCDF1F /* Resources */ = {
			isa = PBXResourcesBuildPhase;
			buildActionMask = 2147483647;
			files = (
				EB693C1C18BFA7F400CCDF1F /* InfoPlist.strings in Resources */,
			);
			runOnlyForDeploymentPostprocessing = 0;
		};
/* End PBXResourcesBuildPhase section */

/* Begin PBXSourcesBuildPhase section */
		EB693BEB18BFA7F400CCDF1F /* Sources */ = {
			isa = PBXSourcesBuildPhase;
			buildActionMask = 2147483647;
			files = (
				EB15967A18C6819B00722F93 /* BeeNavigationController.m in Sources */,
				EB15967718C66F1B00722F93 /* BeeNotificationsViewController.m in Sources */,
				EB34D0F518C2679500637B90 /* BeeSecretView.m in Sources */,
				EB693C8F18BFC57600CCDF1F /* AFURLConnectionOperation.m in Sources */,
				EB693C8A18BFC57600CCDF1F /* AFHTTPRequestOperation.m in Sources */,
				EB260CBD18C1895C00AB6CB9 /* BeeCommentTableViewCell.m in Sources */,
				EB693CA318C0F5A000CCDF1F /* BeeAddSecretViewController.m in Sources */,
				EBEFB2B118C9002B00DDBA53 /* BeeUser.m in Sources */,
				EB693C9618BFC57600CCDF1F /* UIButton+AFNetworking.m in Sources */,
				EBB8272918D50D6500CCD99B /* KeychainWrapper.m in Sources */,
				EB693C8D18BFC57600CCDF1F /* AFNetworkReachabilityManager.m in Sources */,
				EB693CA618C1140700CCDF1F /* BeeSecretViewController.m in Sources */,
				EB15967418C66EE900722F93 /* BeeSlideOutViewController.m in Sources */,
				EB4A5B6518D7F1C500B2C3A6 /* BeeTableViewController.m in Sources */,
				EB416EF518D7555E00695353 /* BeeSignUpViewController.m in Sources */,
				EB762C2018C782B0003E9E96 /* BeeLoginViewController.m in Sources */,
				EB416EF818D7556C00695353 /* BeeSignInViewController.m in Sources */,
				EB693C9818BFC57600CCDF1F /* UIProgressView+AFNetworking.m in Sources */,
				EB693C9218BFC57600CCDF1F /* AFURLSessionManager.m in Sources */,
				EB00DAF518C3F262001B17CB /* BeeRefreshControl.m in Sources */,
				EB693C9018BFC57600CCDF1F /* AFURLRequestSerialization.m in Sources */,
				EB693C2918BFA85400CCDF1F /* BeeTableViewCell.m in Sources */,
				EB693C9918BFC57600CCDF1F /* UIRefreshControl+AFNetworking.m in Sources */,
				EB693C9118BFC57600CCDF1F /* AFURLResponseSerialization.m in Sources */,
				EB15966818C6557D00722F93 /* AMScrollingNavbarTableViewController.m in Sources */,
				EB693BFF18BFA7F400CCDF1F /* main.m in Sources */,
				EB693C9718BFC57600CCDF1F /* UIImageView+AFNetworking.m in Sources */,
				EB693C6318BFBF0800CCDF1F /* BeeAPIClient.m in Sources */,
				EB34D0EF18C23CF200637B90 /* Comment.m in Sources */,
				EB693CA918C148C000CCDF1F /* Secret.m in Sources */,
				EB693C9518BFC57600CCDF1F /* UIAlertView+AFNetworking.m in Sources */,
				EB693C8B18BFC57600CCDF1F /* AFHTTPRequestOperationManager.m in Sources */,
				EB693C8E18BFC57600CCDF1F /* AFSecurityPolicy.m in Sources */,
				EB00DAED18C3E464001B17CB /* AMScrollingNavbarViewController.m in Sources */,
				EB00DAF218C3EF98001B17CB /* JZRefreshControl.m in Sources */,
				EB693C9A18BFC57600CCDF1F /* UIWebView+AFNetworking.m in Sources */,
				EB693C0918BFA7F400CCDF1F /* BeeViewController.m in Sources */,
				EB693C0318BFA7F400CCDF1F /* BeeAppDelegate.m in Sources */,
				EB34D0F218C240E500637B90 /* BeeAvatarView.m in Sources */,
				EB693C8C18BFC57600CCDF1F /* AFHTTPSessionManager.m in Sources */,
				EB693C9418BFC57600CCDF1F /* UIActivityIndicatorView+AFNetworking.m in Sources */,
				EB693C9318BFC57600CCDF1F /* AFNetworkActivityIndicatorManager.m in Sources */,
				EB2F424818C4E0B1000B7049 /* BeeCommentView.m in Sources */,
			);
			runOnlyForDeploymentPostprocessing = 0;
		};
		EB693C0C18BFA7F400CCDF1F /* Sources */ = {
			isa = PBXSourcesBuildPhase;
			buildActionMask = 2147483647;
			files = (
				EB693C1E18BFA7F400CCDF1F /* BeeTests.m in Sources */,
			);
			runOnlyForDeploymentPostprocessing = 0;
		};
/* End PBXSourcesBuildPhase section */

/* Begin PBXTargetDependency section */
		EB693C1618BFA7F400CCDF1F /* PBXTargetDependency */ = {
			isa = PBXTargetDependency;
			target = EB693BEE18BFA7F400CCDF1F /* Bee */;
			targetProxy = EB693C1518BFA7F400CCDF1F /* PBXContainerItemProxy */;
		};
/* End PBXTargetDependency section */

/* Begin PBXVariantGroup section */
		EB693BFB18BFA7F400CCDF1F /* InfoPlist.strings */ = {
			isa = PBXVariantGroup;
			children = (
				EB693BFC18BFA7F400CCDF1F /* en */,
			);
			name = InfoPlist.strings;
			sourceTree = "<group>";
		};
		EB693C0418BFA7F400CCDF1F /* Main.storyboard */ = {
			isa = PBXVariantGroup;
			children = (
				EB693C0518BFA7F400CCDF1F /* Base */,
			);
			name = Main.storyboard;
			sourceTree = "<group>";
		};
		EB693C1A18BFA7F400CCDF1F /* InfoPlist.strings */ = {
			isa = PBXVariantGroup;
			children = (
				EB693C1B18BFA7F400CCDF1F /* en */,
			);
			name = InfoPlist.strings;
			sourceTree = "<group>";
		};
/* End PBXVariantGroup section */

/* Begin XCBuildConfiguration section */
		EB693C1F18BFA7F500CCDF1F /* Debug */ = {
			isa = XCBuildConfiguration;
			buildSettings = {
				ALWAYS_SEARCH_USER_PATHS = NO;
				CLANG_CXX_LANGUAGE_STANDARD = "gnu++0x";
				CLANG_CXX_LIBRARY = "libc++";
				CLANG_ENABLE_MODULES = YES;
				CLANG_ENABLE_OBJC_ARC = YES;
				CLANG_WARN_BOOL_CONVERSION = YES;
				CLANG_WARN_CONSTANT_CONVERSION = YES;
				CLANG_WARN_DIRECT_OBJC_ISA_USAGE = YES_ERROR;
				CLANG_WARN_EMPTY_BODY = YES;
				CLANG_WARN_ENUM_CONVERSION = YES;
				CLANG_WARN_INT_CONVERSION = YES;
				CLANG_WARN_OBJC_ROOT_CLASS = YES_ERROR;
				CLANG_WARN__DUPLICATE_METHOD_MATCH = YES;
				"CODE_SIGN_IDENTITY[sdk=iphoneos*]" = "iPhone Developer";
				COPY_PHASE_STRIP = NO;
				GCC_C_LANGUAGE_STANDARD = gnu99;
				GCC_DYNAMIC_NO_PIC = NO;
				GCC_OPTIMIZATION_LEVEL = 0;
				GCC_PREPROCESSOR_DEFINITIONS = (
					"DEBUG=1",
					"$(inherited)",
				);
				GCC_SYMBOLS_PRIVATE_EXTERN = NO;
				GCC_WARN_64_TO_32_BIT_CONVERSION = YES;
				GCC_WARN_ABOUT_RETURN_TYPE = YES_ERROR;
				GCC_WARN_UNDECLARED_SELECTOR = YES;
				GCC_WARN_UNINITIALIZED_AUTOS = YES;
				GCC_WARN_UNUSED_FUNCTION = YES;
				GCC_WARN_UNUSED_VARIABLE = YES;
				IPHONEOS_DEPLOYMENT_TARGET = 7.0;
				ONLY_ACTIVE_ARCH = YES;
				SDKROOT = iphoneos;
			};
			name = Debug;
		};
		EB693C2018BFA7F500CCDF1F /* Release */ = {
			isa = XCBuildConfiguration;
			buildSettings = {
				ALWAYS_SEARCH_USER_PATHS = NO;
				CLANG_CXX_LANGUAGE_STANDARD = "gnu++0x";
				CLANG_CXX_LIBRARY = "libc++";
				CLANG_ENABLE_MODULES = YES;
				CLANG_ENABLE_OBJC_ARC = YES;
				CLANG_WARN_BOOL_CONVERSION = YES;
				CLANG_WARN_CONSTANT_CONVERSION = YES;
				CLANG_WARN_DIRECT_OBJC_ISA_USAGE = YES_ERROR;
				CLANG_WARN_EMPTY_BODY = YES;
				CLANG_WARN_ENUM_CONVERSION = YES;
				CLANG_WARN_INT_CONVERSION = YES;
				CLANG_WARN_OBJC_ROOT_CLASS = YES_ERROR;
				CLANG_WARN__DUPLICATE_METHOD_MATCH = YES;
				"CODE_SIGN_IDENTITY[sdk=iphoneos*]" = "iPhone Developer";
				COPY_PHASE_STRIP = YES;
				ENABLE_NS_ASSERTIONS = NO;
				GCC_C_LANGUAGE_STANDARD = gnu99;
				GCC_WARN_64_TO_32_BIT_CONVERSION = YES;
				GCC_WARN_ABOUT_RETURN_TYPE = YES_ERROR;
				GCC_WARN_UNDECLARED_SELECTOR = YES;
				GCC_WARN_UNINITIALIZED_AUTOS = YES;
				GCC_WARN_UNUSED_FUNCTION = YES;
				GCC_WARN_UNUSED_VARIABLE = YES;
				IPHONEOS_DEPLOYMENT_TARGET = 7.0;
				SDKROOT = iphoneos;
				VALIDATE_PRODUCT = YES;
			};
			name = Release;
		};
		EB693C2218BFA7F500CCDF1F /* Debug */ = {
			isa = XCBuildConfiguration;
			buildSettings = {
				ASSETCATALOG_COMPILER_APPICON_NAME = AppIcon;
				ASSETCATALOG_COMPILER_LAUNCHIMAGE_NAME = LaunchImage;
				FRAMEWORK_SEARCH_PATHS = (
					"$(inherited)",
					/Users/emilianobivachi/Documents/FacebookSDK,
				);
				GCC_PRECOMPILE_PREFIX_HEADER = YES;
				GCC_PREFIX_HEADER = "Bee/Bee-Prefix.pch";
				INFOPLIST_FILE = "Bee/Bee-Info.plist";
				PRODUCT_NAME = "$(TARGET_NAME)";
				WRAPPER_EXTENSION = app;
			};
			name = Debug;
		};
		EB693C2318BFA7F500CCDF1F /* Release */ = {
			isa = XCBuildConfiguration;
			buildSettings = {
				ASSETCATALOG_COMPILER_APPICON_NAME = AppIcon;
				ASSETCATALOG_COMPILER_LAUNCHIMAGE_NAME = LaunchImage;
				FRAMEWORK_SEARCH_PATHS = (
					"$(inherited)",
					/Users/emilianobivachi/Documents/FacebookSDK,
				);
				GCC_PRECOMPILE_PREFIX_HEADER = YES;
				GCC_PREFIX_HEADER = "Bee/Bee-Prefix.pch";
				INFOPLIST_FILE = "Bee/Bee-Info.plist";
				PRODUCT_NAME = "$(TARGET_NAME)";
				WRAPPER_EXTENSION = app;
			};
			name = Release;
		};
		EB693C2518BFA7F500CCDF1F /* Debug */ = {
			isa = XCBuildConfiguration;
			buildSettings = {
				BUNDLE_LOADER = "$(BUILT_PRODUCTS_DIR)/Bee.app/Bee";
				FRAMEWORK_SEARCH_PATHS = (
					"$(SDKROOT)/Developer/Library/Frameworks",
					"$(inherited)",
					"$(DEVELOPER_FRAMEWORKS_DIR)",
				);
				GCC_PRECOMPILE_PREFIX_HEADER = YES;
				GCC_PREFIX_HEADER = "Bee/Bee-Prefix.pch";
				GCC_PREPROCESSOR_DEFINITIONS = (
					"DEBUG=1",
					"$(inherited)",
				);
				INFOPLIST_FILE = "BeeTests/BeeTests-Info.plist";
				PRODUCT_NAME = "$(TARGET_NAME)";
				TEST_HOST = "$(BUNDLE_LOADER)";
				WRAPPER_EXTENSION = xctest;
			};
			name = Debug;
		};
		EB693C2618BFA7F500CCDF1F /* Release */ = {
			isa = XCBuildConfiguration;
			buildSettings = {
				BUNDLE_LOADER = "$(BUILT_PRODUCTS_DIR)/Bee.app/Bee";
				FRAMEWORK_SEARCH_PATHS = (
					"$(SDKROOT)/Developer/Library/Frameworks",
					"$(inherited)",
					"$(DEVELOPER_FRAMEWORKS_DIR)",
				);
				GCC_PRECOMPILE_PREFIX_HEADER = YES;
				GCC_PREFIX_HEADER = "Bee/Bee-Prefix.pch";
				INFOPLIST_FILE = "BeeTests/BeeTests-Info.plist";
				PRODUCT_NAME = "$(TARGET_NAME)";
				TEST_HOST = "$(BUNDLE_LOADER)";
				WRAPPER_EXTENSION = xctest;
			};
			name = Release;
		};
/* End XCBuildConfiguration section */

/* Begin XCConfigurationList section */
		EB693BEA18BFA7F400CCDF1F /* Build configuration list for PBXProject "Bee" */ = {
			isa = XCConfigurationList;
			buildConfigurations = (
				EB693C1F18BFA7F500CCDF1F /* Debug */,
				EB693C2018BFA7F500CCDF1F /* Release */,
			);
			defaultConfigurationIsVisible = 0;
			defaultConfigurationName = Release;
		};
		EB693C2118BFA7F500CCDF1F /* Build configuration list for PBXNativeTarget "Bee" */ = {
			isa = XCConfigurationList;
			buildConfigurations = (
				EB693C2218BFA7F500CCDF1F /* Debug */,
				EB693C2318BFA7F500CCDF1F /* Release */,
			);
			defaultConfigurationIsVisible = 0;
			defaultConfigurationName = Release;
		};
		EB693C2418BFA7F500CCDF1F /* Build configuration list for PBXNativeTarget "BeeTests" */ = {
			isa = XCConfigurationList;
			buildConfigurations = (
				EB693C2518BFA7F500CCDF1F /* Debug */,
				EB693C2618BFA7F500CCDF1F /* Release */,
			);
			defaultConfigurationIsVisible = 0;
			defaultConfigurationName = Release;
		};
/* End XCConfigurationList section */
	};
	rootObject = EB693BE718BFA7F400CCDF1F /* Project object */;
}
